
Microsoft Visual Studio Solution File, Format Version 12.00
# Visual Studio Version 17
VisualStudioVersion = 17.11.35303.130
MinimumVisualStudioVersion = 10.0.40219.1
Project("{FAE04EC0-301F-11D3-BF4B-00C04F79EFBC}") = "GestionOtdenes", "GestionOtdenes\GestionOtdenes.csproj", "{14AD8250-08C4-438C-9AA1-C1DE79D3F015}"
EndProject
Global
	GlobalSection(SolutionConfigurationPlatforms) = preSolution
		Debug|Any CPU = Debug|Any CPU
		Release|Any CPU = Release|Any CPU
	EndGlobalSection
	GlobalSection(ProjectConfigurationPlatforms) = postSolution
		{14AD8250-08C4-438C-9AA1-C1DE79D3F015}.Debug|Any CPU.ActiveCfg = Debug|Any CPU
		{14AD8250-08C4-438C-9AA1-C1DE79D3F015}.Debug|Any CPU.Build.0 = Debug|Any CPU
		{14AD8250-08C4-438C-9AA1-C1DE79D3F015}.Release|Any CPU.ActiveCfg = Release|Any CPU
		{14AD8250-08C4-438C-9AA1-C1DE79D3F015}.Release|Any CPU.Build.0 = Release|Any CPU
	EndGlobalSection
	GlobalSection(SolutionProperties) = preSolution
		HideSolutionNode = FALSE
	EndGlobalSection
	GlobalSection(ExtensibilityGlobals) = postSolution
		SolutionGuid = {38CD9520-E0C6-4617-B7AA-FB7CDEF4E96D}
	EndGlobalSection
EndGlobal
